{
  "name": "rota255",
  "lockfileVersion": 3,
  "requires": true,
  "packages": {
    "": {
      "dependencies": {
        "primitives": "github:radix-ui/primitives"
      }
    },
    "node_modules/primitives": {
      "version": "0.1.0",
      "resolved": "git+ssh://git@github.com/radix-ui/primitives.git#5d6b584542ec7b84bfd2753deabc45b175bc3c9e",
      "license": "MIT",
      "engines": {
        "node": ">=18"
      }
    }
  }
}
